
Microsoft Visual Studio Solution File, Format Version 12.00
# Visual Studio Version 17
VisualStudioVersion = 17.10.34928.147
MinimumVisualStudioVersion = 10.0.40219.1
Project("{FAE04EC0-301F-11D3-BF4B-00C04F79EFBC}") = "AjaxProject", "AjaxProject\AjaxProject.csproj", "{FAC2BA3B-17C5-4208-99F5-80186729FBB5}"
EndProject
Global
	GlobalSection(SolutionConfigurationPlatforms) = preSolution
		Debug|Any CPU = Debug|Any CPU
		Release|Any CPU = Release|Any CPU
	EndGlobalSection
	GlobalSection(ProjectConfigurationPlatforms) = postSolution
		{FAC2BA3B-17C5-4208-99F5-80186729FBB5}.Debug|Any CPU.ActiveCfg = Debug|Any CPU
		{FAC2BA3B-17C5-4208-99F5-80186729FBB5}.Debug|Any CPU.Build.0 = Debug|Any CPU
		{FAC2BA3B-17C5-4208-99F5-80186729FBB5}.Release|Any CPU.ActiveCfg = Release|Any CPU
		{FAC2BA3B-17C5-4208-99F5-80186729FBB5}.Release|Any CPU.Build.0 = Release|Any CPU
	EndGlobalSection
	GlobalSection(SolutionProperties) = preSolution
		HideSolutionNode = FALSE
	EndGlobalSection
	GlobalSection(ExtensibilityGlobals) = postSolution
		SolutionGuid = {D5E4F2F5-D221-4C97-8C82-5E41D820FE94}
	EndGlobalSection
EndGlobal
